{
  "name": "runner",
  "version": "1.0.0",
  "lockfileVersion": 2,
  "requires": true,
  "packages": {
    "": {
      "version": "1.0.0",
      "license": "ISC",
      "dependencies": {
        "@poppinss/fancy-logs": "^1.3.9",
        "indicative": "^7.4.4"
      }
    },
    "node_modules/@poppinss/colors": {
      "version": "2.1.0",
      "resolved": "https://registry.npmjs.org/@poppinss/colors/-/colors-2.1.0.tgz",
      "integrity": "sha512-CQdD39VttLahqJi16TKaiVyLm8n8pvjosz6kbHcJJMyBv6V4NPDgaWyAwGErGgnGIZS/oXZfBj/rXi8GUBOlBQ==",
      "dependencies": {
        "color-support": "^1.1.3",
        "kleur": "^4.1.4"
      }
    },
    "node_modules/@poppinss/fancy-logs": {
      "version": "1.3.9",
      "resolved": "https://registry.npmjs.org/@poppinss/fancy-logs/-/fancy-logs-1.3.9.tgz",
      "integrity": "sha512-6p2xH5CWOKTPXCQs69rHz3rK1zEeLNwGEm+FPKOxjnVvulc1zZgr3YjYY8FP7VyARr7EHTwCviDTpS4YUvDkcg==",
      "dependencies": {
        "@poppinss/colors": "^2.0.3",
        "figures": "^3.2.0",
        "string-width": "^4.2.0"
      }
    },
    "node_modules/@slynova/slug": {
      "version": "1.1.2",
      "resolved": "https://registry.npmjs.org/@slynova/slug/-/slug-1.1.2.tgz",
      "integrity": "sha512-lFJRP4rqRxqxMjEnIih84jvQC6Xc4a3Yi0Z3gbemWOJX60HBBqEFfFrudmYYA+ga46b6Gxv7ofguZ9+ghl1EMg==",
      "dependencies": {
        "charmap": "^1.1.6",
        "lodash.kebabcase": "^4.1.1"
      }
    },
    "node_modules/ansi-regex": {
      "version": "5.0.0",
      "resolved": "https://registry.npmjs.org/ansi-regex/-/ansi-regex-5.0.0.tgz",
      "integrity": "sha512-bY6fj56OUQ0hU1KjFNDQuJFezqKdrAyFdIevADiqrWHwSlbmBNMHp5ak2f40Pm8JTFyM2mqxkG6ngkHO11f/lg==",
      "engines": {
        "node": ">=8"
      }
    },
    "node_modules/charmap": {
      "version": "1.1.6",
      "resolved": "https://registry.npmjs.org/charmap/-/charmap-1.1.6.tgz",
      "integrity": "sha512-BfgDyIZOETYrvthjHHLY44S3s21o/VRZoLBSbJbbMs/k2XluBvdayklV4BBs4tB0MgiUgAPRWoOkYeBLk58R1w==",
      "dependencies": {
        "es6-object-assign": "^1.1.0"
      }
    },
    "node_modules/color-support": {
      "version": "1.1.3",
      "resolved": "https://registry.npmjs.org/color-support/-/color-support-1.1.3.tgz",
      "integrity": "sha512-qiBjkpbMLO/HL68y+lh4q0/O1MZFj2RX6X/KmMa3+gJD3z+WwI1ZzDHysvqHGS3mP6mznPckpXmw1nI9cJjyRg==",
      "bin": {
        "color-support": "bin.js"
      }
    },
    "node_modules/date-fns": {
      "version": "1.30.1",
      "resolved": "https://registry.npmjs.org/date-fns/-/date-fns-1.30.1.tgz",
      "integrity": "sha512-hBSVCvSmWC+QypYObzwGOd9wqdDpOt+0wl0KbU+R+uuZBS1jN8VsD1ss3irQDknRj5NvxiTF6oj/nDRnN/UQNw=="
    },
    "node_modules/emoji-regex": {
      "version": "8.0.0",
      "resolved": "https://registry.npmjs.org/emoji-regex/-/emoji-regex-8.0.0.tgz",
      "integrity": "sha512-MSjYzcWNOA0ewAHpz0MxpYFvwg6yjy1NG3xteoqz644VCo/RPgnr1/GGt+ic3iJTzQ8Eu3TdM14SawnVUmGE6A=="
    },
    "node_modules/es6-object-assign": {
      "version": "1.1.0",
      "resolved": "https://registry.npmjs.org/es6-object-assign/-/es6-object-assign-1.1.0.tgz",
      "integrity": "sha1-wsNYJlYkfDnqEHyx5mUrb58kUjw="
    },
    "node_modules/escape-string-regexp": {
      "version": "1.0.5",
      "resolved": "https://registry.npmjs.org/escape-string-regexp/-/escape-string-regexp-1.0.5.tgz",
      "integrity": "sha1-G2HAViGQqN/2rjuyzwIAyhMLhtQ=",
      "engines": {
        "node": ">=0.8.0"
      }
    },
    "node_modules/figures": {
      "version": "3.2.0",
      "resolved": "https://registry.npmjs.org/figures/-/figures-3.2.0.tgz",
      "integrity": "sha512-yaduQFRKLXYOGgEn6AZau90j3ggSOyiqXU0F9JZfeXYhNa+Jk4X+s45A2zg5jns87GAFa34BBm2kXw4XpNcbdg==",
      "dependencies": {
        "escape-string-regexp": "^1.0.5"
      },
      "engines": {
        "node": ">=8"
      },
      "funding": {
        "url": "https://github.com/sponsors/sindresorhus"
      }
    },
    "node_modules/haye": {
      "version": "2.0.2",
      "resolved": "https://registry.npmjs.org/haye/-/haye-2.0.2.tgz",
      "integrity": "sha512-C+jeFipAuwLLmQziwQrXuHzUIihDzqoLpCpwDWYFQVCIyqi5ZvC+4YtzawPTmd1tIKo0ULf+4P0Mw8irUdXIpg=="
    },
    "node_modules/indicative": {
      "version": "7.4.4",
      "resolved": "https://registry.npmjs.org/indicative/-/indicative-7.4.4.tgz",
      "integrity": "sha512-vYN9jLQSQt7j9soyRQFiaIiKDz2bOtNTejcNuQFoplcTmmSFC9LKW2+M8o1WGPLRGa3XB891vFbR72DTipC2qw==",
      "dependencies": {
        "indicative-compiler": "^7.2.4",
        "indicative-formatters": "^7.2.4",
        "indicative-parser": "^7.1.4",
        "indicative-rules": "^7.3.1"
      }
    },
    "node_modules/indicative-compiler": {
      "version": "7.2.4",
      "resolved": "https://registry.npmjs.org/indicative-compiler/-/indicative-compiler-7.2.4.tgz",
      "integrity": "sha512-rKD3x2XHhL5BVX8VB78hWZMpofEa3LDZbHgGVJKjo8QrTJ4VLtKEugTPD9LpYIKdqLhMlXCPrfZrTQF6zPbtjw==",
      "dependencies": {
        "indicative-parser": "^7.1.4",
        "isobject": "^4.0.0",
        "lodash.get": "^4.4.2",
        "lodash.set": "^4.3.2",
        "pope": "^2.0.2"
      }
    },
    "node_modules/indicative-formatters": {
      "version": "7.2.4",
      "resolved": "https://registry.npmjs.org/indicative-formatters/-/indicative-formatters-7.2.4.tgz",
      "integrity": "sha512-aBWoAhmaRjQtjAEhFTJFJo23oWkRB9poF6ohB6COzTdLzUVUZffGtvb4m9WRUvzYyT+88OJn2vE82l84qL1K6A=="
    },
    "node_modules/indicative-parser": {
      "version": "7.1.4",
      "resolved": "https://registry.npmjs.org/indicative-parser/-/indicative-parser-7.1.4.tgz",
      "integrity": "sha512-okVq0gn576+QcZVvif+9tOilGEnq2xwADA9fR+zFsbKYsyZ/KvpQxui/XX0VJSZ4uYZ1gv4I/axxzwRb7BK1yw==",
      "dependencies": {
        "haye": "^2.0.2"
      }
    },
    "node_modules/indicative-rules": {
      "version": "7.3.1",
      "resolved": "https://registry.npmjs.org/indicative-rules/-/indicative-rules-7.3.1.tgz",
      "integrity": "sha512-uc74k9MqWigI2Zb6iRqRQXE5qWLvOFJp+GmGotRFQIbd0yi8ZBzyW+Y3c7Szgm7bzIoYdCj+eWpqOOjEiUv/YQ==",
      "dependencies": {
        "@slynova/slug": "^1.1.2",
        "date-fns": "1.30.1",
        "indicative-utils": "^7.0.4",
        "pluralize": "^8.0.0",
        "striptags": "^3.1.1",
        "validator": "^12.1.0"
      }
    },
    "node_modules/indicative-utils": {
      "version": "7.0.4",
      "resolved": "https://registry.npmjs.org/indicative-utils/-/indicative-utils-7.0.4.tgz",
      "integrity": "sha512-PQC7JsRZhiYDvdDeB/qjXFmHRimiOzm7IvoPalXByI1U8CU+/iWrPWQpwl2NajPEuIZjwZABxcc3JEt3ZJ8XeQ==",
      "dependencies": {
        "lodash.get": "^4.4.2"
      }
    },
    "node_modules/is-fullwidth-code-point": {
      "version": "3.0.0",
      "resolved": "https://registry.npmjs.org/is-fullwidth-code-point/-/is-fullwidth-code-point-3.0.0.tgz",
      "integrity": "sha512-zymm5+u+sCsSWyD9qNaejV3DFvhCKclKdizYaJUuHA83RLjb7nSuGnddCHGv0hk+KY7BMAlsWeK4Ueg6EV6XQg==",
      "engines": {
        "node": ">=8"
      }
    },
    "node_modules/isobject": {
      "version": "4.0.0",
      "resolved": "https://registry.npmjs.org/isobject/-/isobject-4.0.0.tgz",
      "integrity": "sha512-S/2fF5wH8SJA/kmwr6HYhK/RI/OkhD84k8ntalo0iJjZikgq1XFvR5M8NPT1x5F7fBwCG3qHfnzeP/Vh/ZxCUA==",
      "engines": {
        "node": ">=0.10.0"
      }
    },
    "node_modules/kleur": {
      "version": "4.1.4",
      "resolved": "https://registry.npmjs.org/kleur/-/kleur-4.1.4.tgz",
      "integrity": "sha512-8QADVssbrFjivHWQU7KkMgptGTl6WAcSdlbBPY4uNF+mWr6DGcKrvY2w4FQJoXch7+fKMjj0dRrL75vk3k23OA==",
      "engines": {
        "node": ">=6"
      }
    },
    "node_modules/lodash.get": {
      "version": "4.4.2",
      "resolved": "https://registry.npmjs.org/lodash.get/-/lodash.get-4.4.2.tgz",
      "integrity": "sha1-LRd/ZS+jHpObRDjVNBSZ36OCXpk="
    },
    "node_modules/lodash.kebabcase": {
      "version": "4.1.1",
      "resolved": "https://registry.npmjs.org/lodash.kebabcase/-/lodash.kebabcase-4.1.1.tgz",
      "integrity": "sha1-hImxyw0p/4gZXM7KRI/21swpXDY="
    },
    "node_modules/lodash.set": {
      "version": "4.3.2",
      "resolved": "https://registry.npmjs.org/lodash.set/-/lodash.set-4.3.2.tgz",
      "integrity": "sha1-2HV7HagH3eJIFrDWqEvqGnYjCyM="
    },
    "node_modules/pluralize": {
      "version": "8.0.0",
      "resolved": "https://registry.npmjs.org/pluralize/-/pluralize-8.0.0.tgz",
      "integrity": "sha512-Nc3IT5yHzflTfbjgqWcCPpo7DaKy4FnpB0l/zCAW0Tc7jxAiuqSxHasntB3D7887LSrA93kDJ9IXovxJYxyLCA==",
      "engines": {
        "node": ">=4"
      }
    },
    "node_modules/pope": {
      "version": "2.0.2",
      "resolved": "https://registry.npmjs.org/pope/-/pope-2.0.2.tgz",
      "integrity": "sha512-baN7bEN2IZvjQEbm14Y+evCkKqXSshB8VrD8/DtxuDw9Qz4weg63ypT5xnd/GSoYE9X2YYIjR6Xy3wQoVc2ymg=="
    },
    "node_modules/string-width": {
      "version": "4.2.0",
      "resolved": "https://registry.npmjs.org/string-width/-/string-width-4.2.0.tgz",
      "integrity": "sha512-zUz5JD+tgqtuDjMhwIg5uFVV3dtqZ9yQJlZVfq4I01/K5Paj5UHj7VyrQOJvzawSVlKpObApbfD0Ed6yJc+1eg==",
      "dependencies": {
        "emoji-regex": "^8.0.0",
        "is-fullwidth-code-point": "^3.0.0",
        "strip-ansi": "^6.0.0"
      },
      "engines": {
        "node": ">=8"
      }
    },
    "node_modules/strip-ansi": {
      "version": "6.0.0",
      "resolved": "https://registry.npmjs.org/strip-ansi/-/strip-ansi-6.0.0.tgz",
      "integrity": "sha512-AuvKTrTfQNYNIctbR1K/YGTR1756GycPsg7b9bdV9Duqur4gv6aKqHXah67Z8ImS7WEz5QVcOtlfW2rZEugt6w==",
      "dependencies": {
        "ansi-regex": "^5.0.0"
      },
      "engines": {
        "node": ">=8"
      }
    },
    "node_modules/striptags": {
      "version": "3.1.1",
      "resolved": "https://registry.npmjs.org/striptags/-/striptags-3.1.1.tgz",
      "integrity": "sha1-yMPn/db7S7OjKjt1LltePjgJPr0="
    },
    "node_modules/validator": {
      "version": "12.2.0",
      "resolved": "https://registry.npmjs.org/validator/-/validator-12.2.0.tgz",
      "integrity": "sha512-jJfE/DW6tIK1Ek8nCfNFqt8Wb3nzMoAbocBF6/Icgg1ZFSBpObdnwVY2jQj6qUqzhx5jc71fpvBWyLGO7Xl+nQ==",
      "engines": {
        "node": ">= 0.10"
      }
    }
  },
  "dependencies": {
    "@poppinss/colors": {
      "version": "2.1.0",
      "resolved": "https://registry.npmjs.org/@poppinss/colors/-/colors-2.1.0.tgz",
      "integrity": "sha512-CQdD39VttLahqJi16TKaiVyLm8n8pvjosz6kbHcJJMyBv6V4NPDgaWyAwGErGgnGIZS/oXZfBj/rXi8GUBOlBQ==",
      "requires": {
        "color-support": "^1.1.3",
        "kleur": "^4.1.4"
      }
    },
    "@poppinss/fancy-logs": {
      "version": "1.3.9",
      "resolved": "https://registry.npmjs.org/@poppinss/fancy-logs/-/fancy-logs-1.3.9.tgz",
      "integrity": "sha512-6p2xH5CWOKTPXCQs69rHz3rK1zEeLNwGEm+FPKOxjnVvulc1zZgr3YjYY8FP7VyARr7EHTwCviDTpS4YUvDkcg==",
      "requires": {
        "@poppinss/colors": "^2.0.3",
        "figures": "^3.2.0",
        "string-width": "^4.2.0"
      }
    },
    "@slynova/slug": {
      "version": "1.1.2",
      "resolved": "https://registry.npmjs.org/@slynova/slug/-/slug-1.1.2.tgz",
      "integrity": "sha512-lFJRP4rqRxqxMjEnIih84jvQC6Xc4a3Yi0Z3gbemWOJX60HBBqEFfFrudmYYA+ga46b6Gxv7ofguZ9+ghl1EMg==",
      "requires": {
        "charmap": "^1.1.6",
        "lodash.kebabcase": "^4.1.1"
      }
    },
    "ansi-regex": {
      "version": "5.0.0",
      "resolved": "https://registry.npmjs.org/ansi-regex/-/ansi-regex-5.0.0.tgz",
      "integrity": "sha512-bY6fj56OUQ0hU1KjFNDQuJFezqKdrAyFdIevADiqrWHwSlbmBNMHp5ak2f40Pm8JTFyM2mqxkG6ngkHO11f/lg=="
    },
    "charmap": {
      "version": "1.1.6",
      "resolved": "https://registry.npmjs.org/charmap/-/charmap-1.1.6.tgz",
      "integrity": "sha512-BfgDyIZOETYrvthjHHLY44S3s21o/VRZoLBSbJbbMs/k2XluBvdayklV4BBs4tB0MgiUgAPRWoOkYeBLk58R1w==",
      "requires": {
        "es6-object-assign": "^1.1.0"
      }
    },
    "color-support": {
      "version": "1.1.3",
      "resolved": "https://registry.npmjs.org/color-support/-/color-support-1.1.3.tgz",
      "integrity": "sha512-qiBjkpbMLO/HL68y+lh4q0/O1MZFj2RX6X/KmMa3+gJD3z+WwI1ZzDHysvqHGS3mP6mznPckpXmw1nI9cJjyRg=="
    },
    "date-fns": {
      "version": "1.30.1",
      "resolved": "https://registry.npmjs.org/date-fns/-/date-fns-1.30.1.tgz",
      "integrity": "sha512-hBSVCvSmWC+QypYObzwGOd9wqdDpOt+0wl0KbU+R+uuZBS1jN8VsD1ss3irQDknRj5NvxiTF6oj/nDRnN/UQNw=="
    },
    "emoji-regex": {
      "version": "8.0.0",
      "resolved": "https://registry.npmjs.org/emoji-regex/-/emoji-regex-8.0.0.tgz",
      "integrity": "sha512-MSjYzcWNOA0ewAHpz0MxpYFvwg6yjy1NG3xteoqz644VCo/RPgnr1/GGt+ic3iJTzQ8Eu3TdM14SawnVUmGE6A=="
    },
    "es6-object-assign": {
      "version": "1.1.0",
      "resolved": "https://registry.npmjs.org/es6-object-assign/-/es6-object-assign-1.1.0.tgz",
      "integrity": "sha1-wsNYJlYkfDnqEHyx5mUrb58kUjw="
    },
    "escape-string-regexp": {
      "version": "1.0.5",
      "resolved": "https://registry.npmjs.org/escape-string-regexp/-/escape-string-regexp-1.0.5.tgz",
      "integrity": "sha1-G2HAViGQqN/2rjuyzwIAyhMLhtQ="
    },
    "figures": {
      "version": "3.2.0",
      "resolved": "https://registry.npmjs.org/figures/-/figures-3.2.0.tgz",
      "integrity": "sha512-yaduQFRKLXYOGgEn6AZau90j3ggSOyiqXU0F9JZfeXYhNa+Jk4X+s45A2zg5jns87GAFa34BBm2kXw4XpNcbdg==",
      "requires": {
        "escape-string-regexp": "^1.0.5"
      }
    },
    "haye": {
      "version": "2.0.2",
      "resolved": "https://registry.npmjs.org/haye/-/haye-2.0.2.tgz",
      "integrity": "sha512-C+jeFipAuwLLmQziwQrXuHzUIihDzqoLpCpwDWYFQVCIyqi5ZvC+4YtzawPTmd1tIKo0ULf+4P0Mw8irUdXIpg=="
    },
    "indicative": {
      "version": "7.4.4",
      "resolved": "https://registry.npmjs.org/indicative/-/indicative-7.4.4.tgz",
      "integrity": "sha512-vYN9jLQSQt7j9soyRQFiaIiKDz2bOtNTejcNuQFoplcTmmSFC9LKW2+M8o1WGPLRGa3XB891vFbR72DTipC2qw==",
      "requires": {
        "indicative-compiler": "^7.2.4",
        "indicative-formatters": "^7.2.4",
        "indicative-parser": "^7.1.4",
        "indicative-rules": "^7.3.1"
      }
    },
    "indicative-compiler": {
      "version": "7.2.4",
      "resolved": "https://registry.npmjs.org/indicative-compiler/-/indicative-compiler-7.2.4.tgz",
      "integrity": "sha512-rKD3x2XHhL5BVX8VB78hWZMpofEa3LDZbHgGVJKjo8QrTJ4VLtKEugTPD9LpYIKdqLhMlXCPrfZrTQF6zPbtjw==",
      "requires": {
        "indicative-parser": "^7.1.4",
        "isobject": "^4.0.0",
        "lodash.get": "^4.4.2",
        "lodash.set": "^4.3.2",
        "pope": "^2.0.2"
      }
    },
    "indicative-formatters": {
      "version": "7.2.4",
      "resolved": "https://registry.npmjs.org/indicative-formatters/-/indicative-formatters-7.2.4.tgz",
      "integrity": "sha512-aBWoAhmaRjQtjAEhFTJFJo23oWkRB9poF6ohB6COzTdLzUVUZffGtvb4m9WRUvzYyT+88OJn2vE82l84qL1K6A=="
    },
    "indicative-parser": {
      "version": "7.1.4",
      "resolved": "https://registry.npmjs.org/indicative-parser/-/indicative-parser-7.1.4.tgz",
      "integrity": "sha512-okVq0gn576+QcZVvif+9tOilGEnq2xwADA9fR+zFsbKYsyZ/KvpQxui/XX0VJSZ4uYZ1gv4I/axxzwRb7BK1yw==",
      "requires": {
        "haye": "^2.0.2"
      }
    },
    "indicative-rules": {
      "version": "7.3.1",
      "resolved": "https://registry.npmjs.org/indicative-rules/-/indicative-rules-7.3.1.tgz",
      "integrity": "sha512-uc74k9MqWigI2Zb6iRqRQXE5qWLvOFJp+GmGotRFQIbd0yi8ZBzyW+Y3c7Szgm7bzIoYdCj+eWpqOOjEiUv/YQ==",
      "requires": {
        "@slynova/slug": "^1.1.2",
        "date-fns": "1.30.1",
        "indicative-utils": "^7.0.4",
        "pluralize": "^8.0.0",
        "striptags": "^3.1.1",
        "validator": "^12.1.0"
      }
    },
    "indicative-utils": {
      "version": "7.0.4",
      "resolved": "https://registry.npmjs.org/indicative-utils/-/indicative-utils-7.0.4.tgz",
      "integrity": "sha512-PQC7JsRZhiYDvdDeB/qjXFmHRimiOzm7IvoPalXByI1U8CU+/iWrPWQpwl2NajPEuIZjwZABxcc3JEt3ZJ8XeQ==",
      "requires": {
        "lodash.get": "^4.4.2"
      }
    },
    "is-fullwidth-code-point": {
      "version": "3.0.0",
      "resolved": "https://registry.npmjs.org/is-fullwidth-code-point/-/is-fullwidth-code-point-3.0.0.tgz",
      "integrity": "sha512-zymm5+u+sCsSWyD9qNaejV3DFvhCKclKdizYaJUuHA83RLjb7nSuGnddCHGv0hk+KY7BMAlsWeK4Ueg6EV6XQg=="
    },
    "isobject": {
      "version": "4.0.0",
      "resolved": "https://registry.npmjs.org/isobject/-/isobject-4.0.0.tgz",
      "integrity": "sha512-S/2fF5wH8SJA/kmwr6HYhK/RI/OkhD84k8ntalo0iJjZikgq1XFvR5M8NPT1x5F7fBwCG3qHfnzeP/Vh/ZxCUA=="
    },
    "kleur": {
      "version": "4.1.4",
      "resolved": "https://registry.npmjs.org/kleur/-/kleur-4.1.4.tgz",
      "integrity": "sha512-8QADVssbrFjivHWQU7KkMgptGTl6WAcSdlbBPY4uNF+mWr6DGcKrvY2w4FQJoXch7+fKMjj0dRrL75vk3k23OA=="
    },
    "lodash.get": {
      "version": "4.4.2",
      "resolved": "https://registry.npmjs.org/lodash.get/-/lodash.get-4.4.2.tgz",
      "integrity": "sha1-LRd/ZS+jHpObRDjVNBSZ36OCXpk="
    },
    "lodash.kebabcase": {
      "version": "4.1.1",
      "resolved": "https://registry.npmjs.org/lodash.kebabcase/-/lodash.kebabcase-4.1.1.tgz",
      "integrity": "sha1-hImxyw0p/4gZXM7KRI/21swpXDY="
    },
    "lodash.set": {
      "version": "4.3.2",
      "resolved": "https://registry.npmjs.org/lodash.set/-/lodash.set-4.3.2.tgz",
      "integrity": "sha1-2HV7HagH3eJIFrDWqEvqGnYjCyM="
    },
    "pluralize": {
      "version": "8.0.0",
      "resolved": "https://registry.npmjs.org/pluralize/-/pluralize-8.0.0.tgz",
      "integrity": "sha512-Nc3IT5yHzflTfbjgqWcCPpo7DaKy4FnpB0l/zCAW0Tc7jxAiuqSxHasntB3D7887LSrA93kDJ9IXovxJYxyLCA=="
    },
    "pope": {
      "version": "2.0.2",
      "resolved": "https://registry.npmjs.org/pope/-/pope-2.0.2.tgz",
      "integrity": "sha512-baN7bEN2IZvjQEbm14Y+evCkKqXSshB8VrD8/DtxuDw9Qz4weg63ypT5xnd/GSoYE9X2YYIjR6Xy3wQoVc2ymg=="
    },
    "string-width": {
      "version": "4.2.0",
      "resolved": "https://registry.npmjs.org/string-width/-/string-width-4.2.0.tgz",
      "integrity": "sha512-zUz5JD+tgqtuDjMhwIg5uFVV3dtqZ9yQJlZVfq4I01/K5Paj5UHj7VyrQOJvzawSVlKpObApbfD0Ed6yJc+1eg==",
      "requires": {
        "emoji-regex": "^8.0.0",
        "is-fullwidth-code-point": "^3.0.0",
        "strip-ansi": "^6.0.0"
      }
    },
    "strip-ansi": {
      "version": "6.0.0",
      "resolved": "https://registry.npmjs.org/strip-ansi/-/strip-ansi-6.0.0.tgz",
      "integrity": "sha512-AuvKTrTfQNYNIctbR1K/YGTR1756GycPsg7b9bdV9Duqur4gv6aKqHXah67Z8ImS7WEz5QVcOtlfW2rZEugt6w==",
      "requires": {
        "ansi-regex": "^5.0.0"
      }
    },
    "striptags": {
      "version": "3.1.1",
      "resolved": "https://registry.npmjs.org/striptags/-/striptags-3.1.1.tgz",
      "integrity": "sha1-yMPn/db7S7OjKjt1LltePjgJPr0="
    },
    "validator": {
      "version": "12.2.0",
      "resolved": "https://registry.npmjs.org/validator/-/validator-12.2.0.tgz",
      "integrity": "sha512-jJfE/DW6tIK1Ek8nCfNFqt8Wb3nzMoAbocBF6/Icgg1ZFSBpObdnwVY2jQj6qUqzhx5jc71fpvBWyLGO7Xl+nQ=="
    }
  }
}
